// !$*UTF8*$!
{
	archiveVersion = 1;
	classes = {
	};
	objectVersion = 48;
	objects = {

/* Begin PBXBuildFile section */
		2D0F2A83208137E6009171ED /* timeTableController.swift in Sources */ = {isa = PBXBuildFile; fileRef = 2D0F2A82208137E6009171ED /* timeTableController.swift */; };
		2D0F2A8520815523009171ED /* tools.swift in Sources */ = {isa = PBXBuildFile; fileRef = 2D0F2A8420815523009171ED /* tools.swift */; };
		2D1BD57920817BF700838049 /* Gradiant.swift in Sources */ = {isa = PBXBuildFile; fileRef = 2D1BD57820817BF700838049 /* Gradiant.swift */; };
		2D35C3722080FD7000439134 /* AppDelegate.swift in Sources */ = {isa = PBXBuildFile; fileRef = 2D35C3712080FD7000439134 /* AppDelegate.swift */; };
		2D35C3742080FD7000439134 /* AppTabBar.swift in Sources */ = {isa = PBXBuildFile; fileRef = 2D35C3732080FD7000439134 /* AppTabBar.swift */; };
		2D35C3772080FD7000439134 /* Main.storyboard in Resources */ = {isa = PBXBuildFile; fileRef = 2D35C3752080FD7000439134 /* Main.storyboard */; };
		2D35C37A2080FD7000439134 /* dagda.xcdatamodeld in Sources */ = {isa = PBXBuildFile; fileRef = 2D35C3782080FD7000439134 /* dagda.xcdatamodeld */; };
		2D35C37C2080FD7000439134 /* Assets.xcassets in Resources */ = {isa = PBXBuildFile; fileRef = 2D35C37B2080FD7000439134 /* Assets.xcassets */; };
		2D35C37F2080FD7000439134 /* LaunchScreen.storyboard in Resources */ = {isa = PBXBuildFile; fileRef = 2D35C37D2080FD7000439134 /* LaunchScreen.storyboard */; };
		2D35C38A2080FD7100439134 /* dagdaTests.swift in Sources */ = {isa = PBXBuildFile; fileRef = 2D35C3892080FD7100439134 /* dagdaTests.swift */; };
		2D35C3952080FD7100439134 /* dagdaUITests.swift in Sources */ = {isa = PBXBuildFile; fileRef = 2D35C3942080FD7100439134 /* dagdaUITests.swift */; };
		2D35C3A42081002100439134 /* QRCodeHomeController.swift in Sources */ = {isa = PBXBuildFile; fileRef = 2D35C3A32081002100439134 /* QRCodeHomeController.swift */; };
		2D35C3A62081054900439134 /* QRCodeCell.swift in Sources */ = {isa = PBXBuildFile; fileRef = 2D35C3A52081054800439134 /* QRCodeCell.swift */; };
		2D35C3A82081081000439134 /* QRCodeController.swift in Sources */ = {isa = PBXBuildFile; fileRef = 2D35C3A72081081000439134 /* QRCodeController.swift */; };
/* End PBXBuildFile section */

/* Begin PBXContainerItemProxy section */
		2D35C3862080FD7100439134 /* PBXContainerItemProxy */ = {
			isa = PBXContainerItemProxy;
			containerPortal = 2D35C3662080FD7000439134 /* Project object */;
			proxyType = 1;
			remoteGlobalIDString = 2D35C36D2080FD7000439134;
			remoteInfo = dagda;
		};
		2D35C3912080FD7100439134 /* PBXContainerItemProxy */ = {
			isa = PBXContainerItemProxy;
			containerPortal = 2D35C3662080FD7000439134 /* Project object */;
			proxyType = 1;
			remoteGlobalIDString = 2D35C36D2080FD7000439134;
			remoteInfo = dagda;
		};
/* End PBXContainerItemProxy section */

/* Begin PBXFileReference section */
		2D0F2A82208137E6009171ED /* timeTableController.swift */ = {isa = PBXFileReference; lastKnownFileType = sourcecode.swift; path = timeTableController.swift; sourceTree = "<group>"; };
		2D0F2A8420815523009171ED /* tools.swift */ = {isa = PBXFileReference; lastKnownFileType = sourcecode.swift; path = tools.swift; sourceTree = "<group>"; };
		2D1BD57820817BF700838049 /* Gradiant.swift */ = {isa = PBXFileReference; lastKnownFileType = sourcecode.swift; path = Gradiant.swift; sourceTree = "<group>"; };
		2D35C36E2080FD7000439134 /* dagda.app */ = {isa = PBXFileReference; explicitFileType = wrapper.application; includeInIndex = 0; path = dagda.app; sourceTree = BUILT_PRODUCTS_DIR; };
		2D35C3712080FD7000439134 /* AppDelegate.swift */ = {isa = PBXFileReference; lastKnownFileType = sourcecode.swift; path = AppDelegate.swift; sourceTree = "<group>"; };
		2D35C3732080FD7000439134 /* AppTabBar.swift */ = {isa = PBXFileReference; lastKnownFileType = sourcecode.swift; path = AppTabBar.swift; sourceTree = "<group>"; };
		2D35C3762080FD7000439134 /* Base */ = {isa = PBXFileReference; lastKnownFileType = file.storyboard; name = Base; path = Base.lproj/Main.storyboard; sourceTree = "<group>"; };
		2D35C3792080FD7000439134 /* dagda.xcdatamodel */ = {isa = PBXFileReference; lastKnownFileType = wrapper.xcdatamodel; path = dagda.xcdatamodel; sourceTree = "<group>"; };
		2D35C37B2080FD7000439134 /* Assets.xcassets */ = {isa = PBXFileReference; lastKnownFileType = folder.assetcatalog; path = Assets.xcassets; sourceTree = "<group>"; };
		2D35C37E2080FD7000439134 /* Base */ = {isa = PBXFileReference; lastKnownFileType = file.storyboard; name = Base; path = Base.lproj/LaunchScreen.storyboard; sourceTree = "<group>"; };
		2D35C3802080FD7000439134 /* Info.plist */ = {isa = PBXFileReference; lastKnownFileType = text.plist.xml; path = Info.plist; sourceTree = "<group>"; };
		2D35C3852080FD7100439134 /* dagdaTests.xctest */ = {isa = PBXFileReference; explicitFileType = wrapper.cfbundle; includeInIndex = 0; path = dagdaTests.xctest; sourceTree = BUILT_PRODUCTS_DIR; };
		2D35C3892080FD7100439134 /* dagdaTests.swift */ = {isa = PBXFileReference; lastKnownFileType = sourcecode.swift; path = dagdaTests.swift; sourceTree = "<group>"; };
		2D35C38B2080FD7100439134 /* Info.plist */ = {isa = PBXFileReference; lastKnownFileType = text.plist.xml; path = Info.plist; sourceTree = "<group>"; };
		2D35C3902080FD7100439134 /* dagdaUITests.xctest */ = {isa = PBXFileReference; explicitFileType = wrapper.cfbundle; includeInIndex = 0; path = dagdaUITests.xctest; sourceTree = BUILT_PRODUCTS_DIR; };
		2D35C3942080FD7100439134 /* dagdaUITests.swift */ = {isa = PBXFileReference; lastKnownFileType = sourcecode.swift; path = dagdaUITests.swift; sourceTree = "<group>"; };
		2D35C3962080FD7100439134 /* Info.plist */ = {isa = PBXFileReference; lastKnownFileType = text.plist.xml; path = Info.plist; sourceTree = "<group>"; };
		2D35C3A32081002100439134 /* QRCodeHomeController.swift */ = {isa = PBXFileReference; lastKnownFileType = sourcecode.swift; path = QRCodeHomeController.swift; sourceTree = "<group>"; };
		2D35C3A52081054800439134 /* QRCodeCell.swift */ = {isa = PBXFileReference; lastKnownFileType = sourcecode.swift; path = QRCodeCell.swift; sourceTree = "<group>"; };
		2D35C3A72081081000439134 /* QRCodeController.swift */ = {isa = PBXFileReference; lastKnownFileType = sourcecode.swift; path = QRCodeController.swift; sourceTree = "<group>"; };
/* End PBXFileReference section */

/* Begin PBXFrameworksBuildPhase section */
		2D35C36B2080FD7000439134 /* Frameworks */ = {
			isa = PBXFrameworksBuildPhase;
			buildActionMask = 2147483647;
			files = (
			);
			runOnlyForDeploymentPostprocessing = 0;
		};
		2D35C3822080FD7100439134 /* Frameworks */ = {
			isa = PBXFrameworksBuildPhase;
			buildActionMask = 2147483647;
			files = (
			);
			runOnlyForDeploymentPostprocessing = 0;
		};
		2D35C38D2080FD7100439134 /* Frameworks */ = {
			isa = PBXFrameworksBuildPhase;
			buildActionMask = 2147483647;
			files = (
			);
			runOnlyForDeploymentPostprocessing = 0;
		};
/* End PBXFrameworksBuildPhase section */

/* Begin PBXGroup section */
		2D35C3652080FD7000439134 = {
			isa = PBXGroup;
			children = (
				2D35C3702080FD7000439134 /* dagda */,
				2D35C3882080FD7100439134 /* dagdaTests */,
				2D35C3932080FD7100439134 /* dagdaUITests */,
				2D35C36F2080FD7000439134 /* Products */,
			);
			sourceTree = "<group>";
		};
		2D35C36F2080FD7000439134 /* Products */ = {
			isa = PBXGroup;
			children = (
				2D35C36E2080FD7000439134 /* dagda.app */,
				2D35C3852080FD7100439134 /* dagdaTests.xctest */,
				2D35C3902080FD7100439134 /* dagdaUITests.xctest */,
			);
			name = Products;
			sourceTree = "<group>";
		};
		2D35C3702080FD7000439134 /* dagda */ = {
			isa = PBXGroup;
			children = (
				2D35C3712080FD7000439134 /* AppDelegate.swift */,
				2D35C3A22080FFFE00439134 /* VIPER */,
				2D35C3752080FD7000439134 /* Main.storyboard */,
				2D35C37B2080FD7000439134 /* Assets.xcassets */,
				2D35C37D2080FD7000439134 /* LaunchScreen.storyboard */,
				2D35C3802080FD7000439134 /* Info.plist */,
				2D35C3782080FD7000439134 /* dagda.xcdatamodeld */,
			);
			path = dagda;
			sourceTree = "<group>";
		};
		2D35C3882080FD7100439134 /* dagdaTests */ = {
			isa = PBXGroup;
			children = (
				2D35C3892080FD7100439134 /* dagdaTests.swift */,
				2D35C38B2080FD7100439134 /* Info.plist */,
			);
			path = dagdaTests;
			sourceTree = "<group>";
		};
		2D35C3932080FD7100439134 /* dagdaUITests */ = {
			isa = PBXGroup;
			children = (
				2D35C3942080FD7100439134 /* dagdaUITests.swift */,
				2D35C3962080FD7100439134 /* Info.plist */,
			);
			path = dagdaUITests;
			sourceTree = "<group>";
		};
		2D35C3A22080FFFE00439134 /* VIPER */ = {
			isa = PBXGroup;
			children = (
				2D35C3732080FD7000439134 /* AppTabBar.swift */,
				2D35C3A32081002100439134 /* QRCodeHomeController.swift */,
				2D35C3A72081081000439134 /* QRCodeController.swift */,
				2D35C3A52081054800439134 /* QRCodeCell.swift */,
				2D0F2A82208137E6009171ED /* timeTableController.swift */,
				2D0F2A8420815523009171ED /* tools.swift */,
				2D1BD57820817BF700838049 /* Gradiant.swift */,
			);
			path = VIPER;
			sourceTree = "<group>";
		};
/* End PBXGroup section */

/* Begin PBXNativeTarget section */
		2D35C36D2080FD7000439134 /* dagda */ = {
			isa = PBXNativeTarget;
			buildConfigurationList = 2D35C3992080FD7100439134 /* Build configuration list for PBXNativeTarget "dagda" */;
			buildPhases = (
				2D35C36A2080FD7000439134 /* Sources */,
				2D35C36B2080FD7000439134 /* Frameworks */,
				2D35C36C2080FD7000439134 /* Resources */,
			);
			buildRules = (
			);
			dependencies = (
			);
			name = dagda;
			productName = dagda;
			productReference = 2D35C36E2080FD7000439134 /* dagda.app */;
			productType = "com.apple.product-type.application";
		};
		2D35C3842080FD7100439134 /* dagdaTests */ = {
			isa = PBXNativeTarget;
			buildConfigurationList = 2D35C39C2080FD7100439134 /* Build configuration list for PBXNativeTarget "dagdaTests" */;
			buildPhases = (
				2D35C3812080FD7100439134 /* Sources */,
				2D35C3822080FD7100439134 /* Frameworks */,
				2D35C3832080FD7100439134 /* Resources */,
			);
			buildRules = (
			);
			dependencies = (
				2D35C3872080FD7100439134 /* PBXTargetDependency */,
			);
			name = dagdaTests;
			productName = dagdaTests;
			productReference = 2D35C3852080FD7100439134 /* dagdaTests.xctest */;
			productType = "com.apple.product-type.bundle.unit-test";
		};
		2D35C38F2080FD7100439134 /* dagdaUITests */ = {
			isa = PBXNativeTarget;
			buildConfigurationList = 2D35C39F2080FD7100439134 /* Build configuration list for PBXNativeTarget "dagdaUITests" */;
			buildPhases = (
				2D35C38C2080FD7100439134 /* Sources */,
				2D35C38D2080FD7100439134 /* Frameworks */,
				2D35C38E2080FD7100439134 /* Resources */,
			);
			buildRules = (
			);
			dependencies = (
				2D35C3922080FD7100439134 /* PBXTargetDependency */,
			);
			name = dagdaUITests;
			productName = dagdaUITests;
			productReference = 2D35C3902080FD7100439134 /* dagdaUITests.xctest */;
			productType = "com.apple.product-type.bundle.ui-testing";
		};
/* End PBXNativeTarget section */

/* Begin PBXProject section */
		2D35C3662080FD7000439134 /* Project object */ = {
			isa = PBXProject;
			attributes = {
				LastSwiftUpdateCheck = 0920;
				LastUpgradeCheck = 0920;
				ORGANIZATIONNAME = "remy DEME";
				TargetAttributes = {
					2D35C36D2080FD7000439134 = {
						CreatedOnToolsVersion = 9.2;
						ProvisioningStyle = Automatic;
					};
					2D35C3842080FD7100439134 = {
						CreatedOnToolsVersion = 9.2;
						ProvisioningStyle = Automatic;
						TestTargetID = 2D35C36D2080FD7000439134;
					};
					2D35C38F2080FD7100439134 = {
						CreatedOnToolsVersion = 9.2;
						ProvisioningStyle = Automatic;
						TestTargetID = 2D35C36D2080FD7000439134;
					};
				};
			};
			buildConfigurationList = 2D35C3692080FD7000439134 /* Build configuration list for PBXProject "dagda" */;
			compatibilityVersion = "Xcode 8.0";
			developmentRegion = en;
			hasScannedForEncodings = 0;
			knownRegions = (
				en,
				Base,
			);
			mainGroup = 2D35C3652080FD7000439134;
			productRefGroup = 2D35C36F2080FD7000439134 /* Products */;
			projectDirPath = "";
			projectRoot = "";
			targets = (
				2D35C36D2080FD7000439134 /* dagda */,
				2D35C3842080FD7100439134 /* dagdaTests */,
				2D35C38F2080FD7100439134 /* dagdaUITests */,
			);
		};
/* End PBXProject section */

/* Begin PBXResourcesBuildPhase section */
		2D35C36C2080FD7000439134 /* Resources */ = {
			isa = PBXResourcesBuildPhase;
			buildActionMask = 2147483647;
			files = (
				2D35C37F2080FD7000439134 /* LaunchScreen.storyboard in Resources */,
				2D35C37C2080FD7000439134 /* Assets.xcassets in Resources */,
				2D35C3772080FD7000439134 /* Main.storyboard in Resources */,
			);
			runOnlyForDeploymentPostprocessing = 0;
		};
		2D35C3832080FD7100439134 /* Resources */ = {
			isa = PBXResourcesBuildPhase;
			buildActionMask = 2147483647;
			files = (
			);
			runOnlyForDeploymentPostprocessing = 0;
		};
		2D35C38E2080FD7100439134 /* Resources */ = {
			isa = PBXResourcesBuildPhase;
			buildActionMask = 2147483647;
			files = (
			);
			runOnlyForDeploymentPostprocessing = 0;
		};
/* End PBXResourcesBuildPhase section */

/* Begin PBXSourcesBuildPhase section */
		2D35C36A2080FD7000439134 /* Sources */ = {
			isa = PBXSourcesBuildPhase;
			buildActionMask = 2147483647;
			files = (
				2D35C3742080FD7000439134 /* AppTabBar.swift in Sources */,
				2D0F2A83208137E6009171ED /* timeTableController.swift in Sources */,
				2D1BD57920817BF700838049 /* Gradiant.swift in Sources */,
				2D35C3722080FD7000439134 /* AppDelegate.swift in Sources */,
				2D35C37A2080FD7000439134 /* dagda.xcdatamodeld in Sources */,
				2D35C3A62081054900439134 /* QRCodeCell.swift in Sources */,
				2D35C3A42081002100439134 /* QRCodeHomeController.swift in Sources */,
				2D35C3A82081081000439134 /* QRCodeController.swift in Sources */,
				2D0F2A8520815523009171ED /* tools.swift in Sources */,
			);
			runOnlyForDeploymentPostprocessing = 0;
		};
		2D35C3812080FD7100439134 /* Sources */ = {
			isa = PBXSourcesBuildPhase;
			buildActionMask = 2147483647;
			files = (
				2D35C38A2080FD7100439134 /* dagdaTests.swift in Sources */,
			);
			runOnlyForDeploymentPostprocessing = 0;
		};
		2D35C38C2080FD7100439134 /* Sources */ = {
			isa = PBXSourcesBuildPhase;
			buildActionMask = 2147483647;
			files = (
				2D35C3952080FD7100439134 /* dagdaUITests.swift in Sources */,
			);
			runOnlyForDeploymentPostprocessing = 0;
		};
/* End PBXSourcesBuildPhase section */

/* Begin PBXTargetDependency section */
		2D35C3872080FD7100439134 /* PBXTargetDependency */ = {
			isa = PBXTargetDependency;
			target = 2D35C36D2080FD7000439134 /* dagda */;
			targetProxy = 2D35C3862080FD7100439134 /* PBXContainerItemProxy */;
		};
		2D35C3922080FD7100439134 /* PBXTargetDependency */ = {
			isa = PBXTargetDependency;
			target = 2D35C36D2080FD7000439134 /* dagda */;
			targetProxy = 2D35C3912080FD7100439134 /* PBXContainerItemProxy */;
		};
/* End PBXTargetDependency section */

/* Begin PBXVariantGroup section */
		2D35C3752080FD7000439134 /* Main.storyboard */ = {
			isa = PBXVariantGroup;
			children = (
				2D35C3762080FD7000439134 /* Base */,
			);
			name = Main.storyboard;
			sourceTree = "<group>";
		};
		2D35C37D2080FD7000439134 /* LaunchScreen.storyboard */ = {
			isa = PBXVariantGroup;
			children = (
				2D35C37E2080FD7000439134 /* Base */,
			);
			name = LaunchScreen.storyboard;
			sourceTree = "<group>";
		};
/* End PBXVariantGroup section */

/* Begin XCBuildConfiguration section */
		2D35C3972080FD7100439134 /* Debug */ = {
			isa = XCBuildConfiguration;
			buildSettings = {
				ALWAYS_SEARCH_USER_PATHS = NO;
				CLANG_ANALYZER_NONNULL = YES;
				CLANG_ANALYZER_NUMBER_OBJECT_CONVERSION = YES_AGGRESSIVE;
				CLANG_CXX_LANGUAGE_STANDARD = "gnu++14";
				CLANG_CXX_LIBRARY = "libc++";
				CLANG_ENABLE_MODULES = YES;
				CLANG_ENABLE_OBJC_ARC = YES;
				CLANG_WARN_BLOCK_CAPTURE_AUTORELEASING = YES;
				CLANG_WARN_BOOL_CONVERSION = YES;
				CLANG_WARN_COMMA = YES;
				CLANG_WARN_CONSTANT_CONVERSION = YES;
				CLANG_WARN_DIRECT_OBJC_ISA_USAGE = YES_ERROR;
				CLANG_WARN_DOCUMENTATION_COMMENTS = YES;
				CLANG_WARN_EMPTY_BODY = YES;
				CLANG_WARN_ENUM_CONVERSION = YES;
				CLANG_WARN_INFINITE_RECURSION = YES;
				CLANG_WARN_INT_CONVERSION = YES;
				CLANG_WARN_NON_LITERAL_NULL_CONVERSION = YES;
				CLANG_WARN_OBJC_LITERAL_CONVERSION = YES;
				CLANG_WARN_OBJC_ROOT_CLASS = YES_ERROR;
				CLANG_WARN_RANGE_LOOP_ANALYSIS = YES;
				CLANG_WARN_STRICT_PROTOTYPES = YES;
				CLANG_WARN_SUSPICIOUS_MOVE = YES;
				CLANG_WARN_UNGUARDED_AVAILABILITY = YES_AGGRESSIVE;
				CLANG_WARN_UNREACHABLE_CODE = YES;
				CLANG_WARN__DUPLICATE_METHOD_MATCH = YES;
				CODE_SIGN_IDENTITY = "iPhone Developer";
				COPY_PHASE_STRIP = NO;
				DEBUG_INFORMATION_FORMAT = dwarf;
				ENABLE_STRICT_OBJC_MSGSEND = YES;
				ENABLE_TESTABILITY = YES;
				GCC_C_LANGUAGE_STANDARD = gnu11;
				GCC_DYNAMIC_NO_PIC = NO;
				GCC_NO_COMMON_BLOCKS = YES;
				GCC_OPTIMIZATION_LEVEL = 0;
				GCC_PREPROCESSOR_DEFINITIONS = (
					"DEBUG=1",
					"$(inherited)",
				);
				GCC_WARN_64_TO_32_BIT_CONVERSION = YES;
				GCC_WARN_ABOUT_RETURN_TYPE = YES_ERROR;
				GCC_WARN_UNDECLARED_SELECTOR = YES;
				GCC_WARN_UNINITIALIZED_AUTOS = YES_AGGRESSIVE;
				GCC_WARN_UNUSED_FUNCTION = YES;
				GCC_WARN_UNUSED_VARIABLE = YES;
				IPHONEOS_DEPLOYMENT_TARGET = 11.2;
				MTL_ENABLE_DEBUG_INFO = YES;
				ONLY_ACTIVE_ARCH = YES;
				SDKROOT = iphoneos;
				SWIFT_ACTIVE_COMPILATION_CONDITIONS = DEBUG;
				SWIFT_OPTIMIZATION_LEVEL = "-Onone";
			};
			name = Debug;
		};
		2D35C3982080FD7100439134 /* Release */ = {
			isa = XCBuildConfiguration;
			buildSettings = {
				ALWAYS_SEARCH_USER_PATHS = NO;
				CLANG_ANALYZER_NONNULL = YES;
				CLANG_ANALYZER_NUMBER_OBJECT_CONVERSION = YES_AGGRESSIVE;
				CLANG_CXX_LANGUAGE_STANDARD = "gnu++14";
				CLANG_CXX_LIBRARY = "libc++";
				CLANG_ENABLE_MODULES = YES;
				CLANG_ENABLE_OBJC_ARC = YES;
				CLANG_WARN_BLOCK_CAPTURE_AUTORELEASING = YES;
				CLANG_WARN_BOOL_CONVERSION = YES;
				CLANG_WARN_COMMA = YES;
				CLANG_WARN_CONSTANT_CONVERSION = YES;
				CLANG_WARN_DIRECT_OBJC_ISA_USAGE = YES_ERROR;
				CLANG_WARN_DOCUMENTATION_COMMENTS = YES;
				CLANG_WARN_EMPTY_BODY = YES;
				CLANG_WARN_ENUM_CONVERSION = YES;
				CLANG_WARN_INFINITE_RECURSION = YES;
				CLANG_WARN_INT_CONVERSION = YES;
				CLANG_WARN_NON_LITERAL_NULL_CONVERSION = YES;
				CLANG_WARN_OBJC_LITERAL_CONVERSION = YES;
				CLANG_WARN_OBJC_ROOT_CLASS = YES_ERROR;
				CLANG_WARN_RANGE_LOOP_ANALYSIS = YES;
				CLANG_WARN_STRICT_PROTOTYPES = YES;
				CLANG_WARN_SUSPICIOUS_MOVE = YES;
				CLANG_WARN_UNGUARDED_AVAILABILITY = YES_AGGRESSIVE;
				CLANG_WARN_UNREACHABLE_CODE = YES;
				CLANG_WARN__DUPLICATE_METHOD_MATCH = YES;
				CODE_SIGN_IDENTITY = "iPhone Developer";
				COPY_PHASE_STRIP = NO;
				DEBUG_INFORMATION_FORMAT = "dwarf-with-dsym";
				ENABLE_NS_ASSERTIONS = NO;
				ENABLE_STRICT_OBJC_MSGSEND = YES;
				GCC_C_LANGUAGE_STANDARD = gnu11;
				GCC_NO_COMMON_BLOCKS = YES;
				GCC_WARN_64_TO_32_BIT_CONVERSION = YES;
				GCC_WARN_ABOUT_RETURN_TYPE = YES_ERROR;
				GCC_WARN_UNDECLARED_SELECTOR = YES;
				GCC_WARN_UNINITIALIZED_AUTOS = YES_AGGRESSIVE;
				GCC_WARN_UNUSED_FUNCTION = YES;
				GCC_WARN_UNUSED_VARIABLE = YES;
				IPHONEOS_DEPLOYMENT_TARGET = 11.2;
				MTL_ENABLE_DEBUG_INFO = NO;
				SDKROOT = iphoneos;
				SWIFT_OPTIMIZATION_LEVEL = "-Owholemodule";
				VALIDATE_PRODUCT = YES;
			};
			name = Release;
		};
		2D35C39A2080FD7100439134 /* Debug */ = {
			isa = XCBuildConfiguration;
			buildSettings = {
				ASSETCATALOG_COMPILER_APPICON_NAME = AppIcon;
				CODE_SIGN_STYLE = Automatic;
				DEVELOPMENT_TEAM = HE3628KHUH;
				INFOPLIST_FILE = dagda/Info.plist;
				LD_RUNPATH_SEARCH_PATHS = "$(inherited) @executable_path/Frameworks";
				PRODUCT_BUNDLE_IDENTIFIER = app.dagda.2;
				PRODUCT_NAME = "$(TARGET_NAME)";
				SWIFT_VERSION = 4.0;
				TARGETED_DEVICE_FAMILY = "1,2";
			};
			name = Debug;
		};
		2D35C39B2080FD7100439134 /* Release */ = {
			isa = XCBuildConfiguration;
			buildSettings = {
				ASSETCATALOG_COMPILER_APPICON_NAME = AppIcon;
				CODE_SIGN_STYLE = Automatic;
				DEVELOPMENT_TEAM = HE3628KHUH;
				INFOPLIST_FILE = dagda/Info.plist;
				LD_RUNPATH_SEARCH_PATHS = "$(inherited) @executable_path/Frameworks";
				PRODUCT_BUNDLE_IDENTIFIER = app.dagda.2;
				PRODUCT_NAME = "$(TARGET_NAME)";
				SWIFT_VERSION = 4.0;
				TARGETED_DEVICE_FAMILY = "1,2";
			};
			name = Release;
		};
		2D35C39D2080FD7100439134 /* Debug */ = {
			isa = XCBuildConfiguration;
			buildSettings = {
				ALWAYS_EMBED_SWIFT_STANDARD_LIBRARIES = YES;
				BUNDLE_LOADER = "$(TEST_HOST)";
				CODE_SIGN_STYLE = Automatic;
				DEVELOPMENT_TEAM = 8FSJUCWGP2;
				INFOPLIST_FILE = dagdaTests/Info.plist;
				LD_RUNPATH_SEARCH_PATHS = "$(inherited) @executable_path/Frameworks @loader_path/Frameworks";
				PRODUCT_BUNDLE_IDENTIFIER = app.dagdaTests;
				PRODUCT_NAME = "$(TARGET_NAME)";
				SWIFT_VERSION = 4.0;
				TARGETED_DEVICE_FAMILY = "1,2";
				TEST_HOST = "$(BUILT_PRODUCTS_DIR)/dagda.app/dagda";
			};
			name = Debug;
		};
		2D35C39E2080FD7100439134 /* Release */ = {
			isa = XCBuildConfiguration;
			buildSettings = {
				ALWAYS_EMBED_SWIFT_STANDARD_LIBRARIES = YES;
				BUNDLE_LOADER = "$(TEST_HOST)";
				CODE_SIGN_STYLE = Automatic;
				DEVELOPMENT_TEAM = 8FSJUCWGP2;
				INFOPLIST_FILE = dagdaTests/Info.plist;
				LD_RUNPATH_SEARCH_PATHS = "$(inherited) @executable_path/Frameworks @loader_path/Frameworks";
				PRODUCT_BUNDLE_IDENTIFIER = app.dagdaTests;
				PRODUCT_NAME = "$(TARGET_NAME)";
				SWIFT_VERSION = 4.0;
				TARGETED_DEVICE_FAMILY = "1,2";
				TEST_HOST = "$(BUILT_PRODUCTS_DIR)/dagda.app/dagda";
			};
			name = Release;
		};
		2D35C3A02080FD7100439134 /* Debug */ = {
			isa = XCBuildConfiguration;
			buildSettings = {
				ALWAYS_EMBED_SWIFT_STANDARD_LIBRARIES = YES;
				CODE_SIGN_STYLE = Automatic;
				DEVELOPMENT_TEAM = 8FSJUCWGP2;
				INFOPLIST_FILE = dagdaUITests/Info.plist;
				LD_RUNPATH_SEARCH_PATHS = "$(inherited) @executable_path/Frameworks @loader_path/Frameworks";
				PRODUCT_BUNDLE_IDENTIFIER = app.dagdaUITests;
				PRODUCT_NAME = "$(TARGET_NAME)";
				SWIFT_VERSION = 4.0;
				TARGETED_DEVICE_FAMILY = "1,2";
				TEST_TARGET_NAME = dagda;
			};
			name = Debug;
		};
		2D35C3A12080FD7100439134 /* Release */ = {
			isa = XCBuildConfiguration;
			buildSettings = {
				ALWAYS_EMBED_SWIFT_STANDARD_LIBRARIES = YES;
				CODE_SIGN_STYLE = Automatic;
				DEVELOPMENT_TEAM = 8FSJUCWGP2;
				INFOPLIST_FILE = dagdaUITests/Info.plist;
				LD_RUNPATH_SEARCH_PATHS = "$(inherited) @executable_path/Frameworks @loader_path/Frameworks";
				PRODUCT_BUNDLE_IDENTIFIER = app.dagdaUITests;
				PRODUCT_NAME = "$(TARGET_NAME)";
				SWIFT_VERSION = 4.0;
				TARGETED_DEVICE_FAMILY = "1,2";
				TEST_TARGET_NAME = dagda;
			};
			name = Release;
		};
/* End XCBuildConfiguration section */

/* Begin XCConfigurationList section */
		2D35C3692080FD7000439134 /* Build configuration list for PBXProject "dagda" */ = {
			isa = XCConfigurationList;
			buildConfigurations = (
				2D35C3972080FD7100439134 /* Debug */,
				2D35C3982080FD7100439134 /* Release */,
			);
			defaultConfigurationIsVisible = 0;
			defaultConfigurationName = Release;
		};
		2D35C3992080FD7100439134 /* Build configuration list for PBXNativeTarget "dagda" */ = {
			isa = XCConfigurationList;
			buildConfigurations = (
				2D35C39A2080FD7100439134 /* Debug */,
				2D35C39B2080FD7100439134 /* Release */,
			);
			defaultConfigurationIsVisible = 0;
			defaultConfigurationName = Release;
		};
		2D35C39C2080FD7100439134 /* Build configuration list for PBXNativeTarget "dagdaTests" */ = {
			isa = XCConfigurationList;
			buildConfigurations = (
				2D35C39D2080FD7100439134 /* Debug */,
				2D35C39E2080FD7100439134 /* Release */,
			);
			defaultConfigurationIsVisible = 0;
			defaultConfigurationName = Release;
		};
		2D35C39F2080FD7100439134 /* Build configuration list for PBXNativeTarget "dagdaUITests" */ = {
			isa = XCConfigurationList;
			buildConfigurations = (
				2D35C3A02080FD7100439134 /* Debug */,
				2D35C3A12080FD7100439134 /* Release */,
			);
			defaultConfigurationIsVisible = 0;
			defaultConfigurationName = Release;
		};
/* End XCConfigurationList section */

/* Begin XCVersionGroup section */
		2D35C3782080FD7000439134 /* dagda.xcdatamodeld */ = {
			isa = XCVersionGroup;
			children = (
				2D35C3792080FD7000439134 /* dagda.xcdatamodel */,
			);
			currentVersion = 2D35C3792080FD7000439134 /* dagda.xcdatamodel */;
			path = dagda.xcdatamodeld;
			sourceTree = "<group>";
			versionGroupType = wrapper.xcdatamodel;
		};
/* End XCVersionGroup section */
	};
	rootObject = 2D35C3662080FD7000439134 /* Project object */;
}
